
Microsoft Visual Studio Solution File, Format Version 12.00
# Visual Studio Version 17
VisualStudioVersion = 17.3.32811.315
MinimumVisualStudioVersion = 10.0.40219.1
Project("{9A19103F-16F7-4668-BE54-9A1E7A4F7556}") = "ShunfengAdmin", "ShunfengAdmin\ShunfengAdmin.csproj", "{5E9C5CC0-5CE7-4611-87CA-E02EDD9CB520}"
EndProject
Project("{9A19103F-16F7-4668-BE54-9A1E7A4F7556}") = "Admin.Server", "Admin.Server\Admin.Server.csproj", "{2BEF5B44-1B72-46FF-AC42-2D54F65DA3ED}"
EndProject
Project("{FAE04EC0-301F-11D3-BF4B-00C04F79EFBC}") = "Admin.Data", "Admin.Data\Admin.Data.csproj", "{1C545C4C-7B6C-40B8-B712-9CBE1E7BBEEE}"
EndProject
Global
	GlobalSection(SolutionConfigurationPlatforms) = preSolution
		Debug|Any CPU = Debug|Any CPU
		Release|Any CPU = Release|Any CPU
	EndGlobalSection
	GlobalSection(ProjectConfigurationPlatforms) = postSolution
		{5E9C5CC0-5CE7-4611-87CA-E02EDD9CB520}.Debug|Any CPU.ActiveCfg = Debug|Any CPU
		{5E9C5CC0-5CE7-4611-87CA-E02EDD9CB520}.Debug|Any CPU.Build.0 = Debug|Any CPU
		{5E9C5CC0-5CE7-4611-87CA-E02EDD9CB520}.Release|Any CPU.ActiveCfg = Release|Any CPU
		{5E9C5CC0-5CE7-4611-87CA-E02EDD9CB520}.Release|Any CPU.Build.0 = Release|Any CPU
		{2BEF5B44-1B72-46FF-AC42-2D54F65DA3ED}.Debug|Any CPU.ActiveCfg = Debug|Any CPU
		{2BEF5B44-1B72-46FF-AC42-2D54F65DA3ED}.Debug|Any CPU.Build.0 = Debug|Any CPU
		{2BEF5B44-1B72-46FF-AC42-2D54F65DA3ED}.Release|Any CPU.ActiveCfg = Release|Any CPU
		{2BEF5B44-1B72-46FF-AC42-2D54F65DA3ED}.Release|Any CPU.Build.0 = Release|Any CPU
		{1C545C4C-7B6C-40B8-B712-9CBE1E7BBEEE}.Debug|Any CPU.ActiveCfg = Debug|Any CPU
		{1C545C4C-7B6C-40B8-B712-9CBE1E7BBEEE}.Debug|Any CPU.Build.0 = Debug|Any CPU
		{1C545C4C-7B6C-40B8-B712-9CBE1E7BBEEE}.Release|Any CPU.ActiveCfg = Release|Any CPU
		{1C545C4C-7B6C-40B8-B712-9CBE1E7BBEEE}.Release|Any CPU.Build.0 = Release|Any CPU
	EndGlobalSection
	GlobalSection(SolutionProperties) = preSolution
		HideSolutionNode = FALSE
	EndGlobalSection
	GlobalSection(ExtensibilityGlobals) = postSolution
		SolutionGuid = {E4AFBFDB-DF8C-4C49-9E65-7287E91F86E5}
	EndGlobalSection
EndGlobal
